
Microsoft Visual Studio Solution File, Format Version 12.00
# Visual Studio Version 16
VisualStudioVersion = 16.0.30503.244
MinimumVisualStudioVersion = 10.0.40219.1
Project("{FAE04EC0-301F-11D3-BF4B-00C04F79EFBC}") = "Enhanced_If_Statements", "Enhanced_If_Statements\Enhanced_If_Statements.csproj", "{65BFD953-48D1-47CF-B9D8-992E3A73C03F}"
EndProject
Global
	GlobalSection(SolutionConfigurationPlatforms) = preSolution
		Debug|Any CPU = Debug|Any CPU
		Release|Any CPU = Release|Any CPU
	EndGlobalSection
	GlobalSection(ProjectConfigurationPlatforms) = postSolution
		{65BFD953-48D1-47CF-B9D8-992E3A73C03F}.Debug|Any CPU.ActiveCfg = Debug|Any CPU
		{65BFD953-48D1-47CF-B9D8-992E3A73C03F}.Debug|Any CPU.Build.0 = Debug|Any CPU
		{65BFD953-48D1-47CF-B9D8-992E3A73C03F}.Release|Any CPU.ActiveCfg = Release|Any CPU
		{65BFD953-48D1-47CF-B9D8-992E3A73C03F}.Release|Any CPU.Build.0 = Release|Any CPU
	EndGlobalSection
	GlobalSection(SolutionProperties) = preSolution
		HideSolutionNode = FALSE
	EndGlobalSection
	GlobalSection(ExtensibilityGlobals) = postSolution
		SolutionGuid = {0673EB5C-67B7-440D-8A83-28C53F153780}
	EndGlobalSection
EndGlobal
